
Microsoft Visual Studio Solution File, Format Version 12.00
# Visual Studio Version 16
VisualStudioVersion = 16.0.31129.286
MinimumVisualStudioVersion = 10.0.40219.1
Project("{9A19103F-16F7-4668-BE54-9A1E7A4F7556}") = "BlazorWebAssembly.Server", "BlazorWebAssembly\Server\BlazorWebAssembly.Server.csproj", "{073CE58B-E2E3-41EF-AEA8-2DF7F663A24F}"
EndProject
Project("{9A19103F-16F7-4668-BE54-9A1E7A4F7556}") = "BlazorWebAssembly.Client", "BlazorWebAssembly\Client\BlazorWebAssembly.Client.csproj", "{04E181CE-A530-41DB-964C-5E5D90BA02FF}"
EndProject
Project("{9A19103F-16F7-4668-BE54-9A1E7A4F7556}") = "BlazorWebAssembly.Shared", "BlazorWebAssembly\Shared\BlazorWebAssembly.Shared.csproj", "{55E86B68-7716-4039-9913-B84A4D137097}"
EndProject
Global
	GlobalSection(SolutionConfigurationPlatforms) = preSolution
		Debug|Any CPU = Debug|Any CPU
		Release|Any CPU = Release|Any CPU
	EndGlobalSection
	GlobalSection(ProjectConfigurationPlatforms) = postSolution
		{073CE58B-E2E3-41EF-AEA8-2DF7F663A24F}.Debug|Any CPU.ActiveCfg = Debug|Any CPU
		{073CE58B-E2E3-41EF-AEA8-2DF7F663A24F}.Debug|Any CPU.Build.0 = Debug|Any CPU
		{073CE58B-E2E3-41EF-AEA8-2DF7F663A24F}.Release|Any CPU.ActiveCfg = Release|Any CPU
		{073CE58B-E2E3-41EF-AEA8-2DF7F663A24F}.Release|Any CPU.Build.0 = Release|Any CPU
		{04E181CE-A530-41DB-964C-5E5D90BA02FF}.Debug|Any CPU.ActiveCfg = Debug|Any CPU
		{04E181CE-A530-41DB-964C-5E5D90BA02FF}.Debug|Any CPU.Build.0 = Debug|Any CPU
		{04E181CE-A530-41DB-964C-5E5D90BA02FF}.Release|Any CPU.ActiveCfg = Release|Any CPU
		{04E181CE-A530-41DB-964C-5E5D90BA02FF}.Release|Any CPU.Build.0 = Release|Any CPU
		{55E86B68-7716-4039-9913-B84A4D137097}.Debug|Any CPU.ActiveCfg = Debug|Any CPU
		{55E86B68-7716-4039-9913-B84A4D137097}.Debug|Any CPU.Build.0 = Debug|Any CPU
		{55E86B68-7716-4039-9913-B84A4D137097}.Release|Any CPU.ActiveCfg = Release|Any CPU
		{55E86B68-7716-4039-9913-B84A4D137097}.Release|Any CPU.Build.0 = Release|Any CPU
	EndGlobalSection
	GlobalSection(SolutionProperties) = preSolution
		HideSolutionNode = FALSE
	EndGlobalSection
	GlobalSection(ExtensibilityGlobals) = postSolution
		SolutionGuid = {A28548D2-2768-45F9-BD6D-E666BF7C722C}
	EndGlobalSection
EndGlobal
